
Microsoft Visual Studio Solution File, Format Version 12.00
# Visual Studio Version 17
VisualStudioVersion = 17.14.36109.1 d17.14
MinimumVisualStudioVersion = 10.0.40219.1
Project("{FAE04EC0-301F-11D3-BF4B-00C04F79EFBC}") = "FIap.Usuarios", "FIap.Usuarios\FIap.Usuarios.csproj", "{E1B7CAB3-317E-48FF-88E6-C06183D75A16}"
EndProject
Global
	GlobalSection(SolutionConfigurationPlatforms) = preSolution
		Debug|Any CPU = Debug|Any CPU
		Release|Any CPU = Release|Any CPU
	EndGlobalSection
	GlobalSection(ProjectConfigurationPlatforms) = postSolution
		{E1B7CAB3-317E-48FF-88E6-C06183D75A16}.Debug|Any CPU.ActiveCfg = Debug|Any CPU
		{E1B7CAB3-317E-48FF-88E6-C06183D75A16}.Debug|Any CPU.Build.0 = Debug|Any CPU
		{E1B7CAB3-317E-48FF-88E6-C06183D75A16}.Release|Any CPU.ActiveCfg = Release|Any CPU
		{E1B7CAB3-317E-48FF-88E6-C06183D75A16}.Release|Any CPU.Build.0 = Release|Any CPU
	EndGlobalSection
	GlobalSection(SolutionProperties) = preSolution
		HideSolutionNode = FALSE
	EndGlobalSection
	GlobalSection(ExtensibilityGlobals) = postSolution
		SolutionGuid = {ABE07E4C-08C4-4510-87BC-00CCB161C0D2}
	EndGlobalSection
EndGlobal
