
Microsoft Visual Studio Solution File, Format Version 12.00
# Visual Studio Version 17
VisualStudioVersion = 17.14.36109.1 d17.14
MinimumVisualStudioVersion = 10.0.40219.1
Project("{FAE04EC0-301F-11D3-BF4B-00C04F79EFBC}") = "Fiap.Banco.API", "Fiap.Banco.API\Fiap.Banco.API.csproj", "{6EC5087C-0D19-4B68-93B7-C5760100CB6C}"
EndProject
Global
	GlobalSection(SolutionConfigurationPlatforms) = preSolution
		Debug|Any CPU = Debug|Any CPU
		Release|Any CPU = Release|Any CPU
	EndGlobalSection
	GlobalSection(ProjectConfigurationPlatforms) = postSolution
		{6EC5087C-0D19-4B68-93B7-C5760100CB6C}.Debug|Any CPU.ActiveCfg = Debug|Any CPU
		{6EC5087C-0D19-4B68-93B7-C5760100CB6C}.Debug|Any CPU.Build.0 = Debug|Any CPU
		{6EC5087C-0D19-4B68-93B7-C5760100CB6C}.Release|Any CPU.ActiveCfg = Release|Any CPU
		{6EC5087C-0D19-4B68-93B7-C5760100CB6C}.Release|Any CPU.Build.0 = Release|Any CPU
	EndGlobalSection
	GlobalSection(SolutionProperties) = preSolution
		HideSolutionNode = FALSE
	EndGlobalSection
	GlobalSection(ExtensibilityGlobals) = postSolution
		SolutionGuid = {4764FF0A-54A5-4E8D-83C1-D417861434AC}
	EndGlobalSection
EndGlobal
